// !$*UTF8*$!
{
	archiveVersion = 1;
	classes = {
	};
	objectVersion = 56;
	objects = {

/* Begin PBXBuildFile section */
		044C522A2A170E430028E305 /* FirstAppApp.swift in Sources */ = {isa = PBXBuildFile; fileRef = 044C52292A170E430028E305 /* FirstAppApp.swift */; };
		044C522C2A170E430028E305 /* Datab.swift in Sources */ = {isa = PBXBuildFile; fileRef = 044C522B2A170E430028E305 /* Datab.swift */; };
		044C522E2A170E470028E305 /* Assets.xcassets in Resources */ = {isa = PBXBuildFile; fileRef = 044C522D2A170E470028E305 /* Assets.xcassets */; };
		044C52312A170E470028E305 /* Preview Assets.xcassets in Resources */ = {isa = PBXBuildFile; fileRef = 044C52302A170E470028E305 /* Preview Assets.xcassets */; };
		044C523B2A170E470028E305 /* FirstAppTests.swift in Sources */ = {isa = PBXBuildFile; fileRef = 044C523A2A170E470028E305 /* FirstAppTests.swift */; };
		044C52452A170E470028E305 /* FirstAppUITests.swift in Sources */ = {isa = PBXBuildFile; fileRef = 044C52442A170E470028E305 /* FirstAppUITests.swift */; };
		044C52472A170E470028E305 /* FirstAppUITestsLaunchTests.swift in Sources */ = {isa = PBXBuildFile; fileRef = 044C52462A170E470028E305 /* FirstAppUITestsLaunchTests.swift */; };
		044C52562A1716AE0028E305 /* dealData.json in Resources */ = {isa = PBXBuildFile; fileRef = 044C52552A1716AE0028E305 /* dealData.json */; };
		044C525A2A1AF5060028E305 /* carrotRow.swift in Sources */ = {isa = PBXBuildFile; fileRef = 044C52592A1AF5060028E305 /* carrotRow.swift */; };
		044C525C2A1B033F0028E305 /* DetailView.swift in Sources */ = {isa = PBXBuildFile; fileRef = 044C525B2A1B033E0028E305 /* DetailView.swift */; };
		044C525E2A1B07420028E305 /* page.swift in Sources */ = {isa = PBXBuildFile; fileRef = 044C525D2A1B07420028E305 /* page.swift */; };
		6E3972ED2A1C4B1700EC53D6 /* CarrotListView.swift in Sources */ = {isa = PBXBuildFile; fileRef = 6E3972EC2A1C4B1700EC53D6 /* CarrotListView.swift */; };
/* End PBXBuildFile section */

/* Begin PBXContainerItemProxy section */
		044C52372A170E470028E305 /* PBXContainerItemProxy */ = {
			isa = PBXContainerItemProxy;
			containerPortal = 044C521E2A170E430028E305 /* Project object */;
			proxyType = 1;
			remoteGlobalIDString = 044C52252A170E430028E305;
			remoteInfo = FirstApp;
		};
		044C52412A170E470028E305 /* PBXContainerItemProxy */ = {
			isa = PBXContainerItemProxy;
			containerPortal = 044C521E2A170E430028E305 /* Project object */;
			proxyType = 1;
			remoteGlobalIDString = 044C52252A170E430028E305;
			remoteInfo = FirstApp;
		};
/* End PBXContainerItemProxy section */

/* Begin PBXFileReference section */
		044C52262A170E430028E305 /* FirstApp.app */ = {isa = PBXFileReference; explicitFileType = wrapper.application; includeInIndex = 0; path = FirstApp.app; sourceTree = BUILT_PRODUCTS_DIR; };
		044C52292A170E430028E305 /* FirstAppApp.swift */ = {isa = PBXFileReference; lastKnownFileType = sourcecode.swift; path = FirstAppApp.swift; sourceTree = "<group>"; };
		044C522B2A170E430028E305 /* Datab.swift */ = {isa = PBXFileReference; lastKnownFileType = sourcecode.swift; path = Datab.swift; sourceTree = "<group>"; };
		044C522D2A170E470028E305 /* Assets.xcassets */ = {isa = PBXFileReference; lastKnownFileType = folder.assetcatalog; path = Assets.xcassets; sourceTree = "<group>"; };
		044C52302A170E470028E305 /* Preview Assets.xcassets */ = {isa = PBXFileReference; lastKnownFileType = folder.assetcatalog; path = "Preview Assets.xcassets"; sourceTree = "<group>"; };
		044C52362A170E470028E305 /* FirstAppTests.xctest */ = {isa = PBXFileReference; explicitFileType = wrapper.cfbundle; includeInIndex = 0; path = FirstAppTests.xctest; sourceTree = BUILT_PRODUCTS_DIR; };
		044C523A2A170E470028E305 /* FirstAppTests.swift */ = {isa = PBXFileReference; lastKnownFileType = sourcecode.swift; path = FirstAppTests.swift; sourceTree = "<group>"; };
		044C52402A170E470028E305 /* FirstAppUITests.xctest */ = {isa = PBXFileReference; explicitFileType = wrapper.cfbundle; includeInIndex = 0; path = FirstAppUITests.xctest; sourceTree = BUILT_PRODUCTS_DIR; };
		044C52442A170E470028E305 /* FirstAppUITests.swift */ = {isa = PBXFileReference; lastKnownFileType = sourcecode.swift; path = FirstAppUITests.swift; sourceTree = "<group>"; };
		044C52462A170E470028E305 /* FirstAppUITestsLaunchTests.swift */ = {isa = PBXFileReference; lastKnownFileType = sourcecode.swift; path = FirstAppUITestsLaunchTests.swift; sourceTree = "<group>"; };
		044C52552A1716AE0028E305 /* dealData.json */ = {isa = PBXFileReference; lastKnownFileType = text.json; path = dealData.json; sourceTree = "<group>"; };
		044C52592A1AF5060028E305 /* carrotRow.swift */ = {isa = PBXFileReference; lastKnownFileType = sourcecode.swift; path = carrotRow.swift; sourceTree = "<group>"; };
		044C525B2A1B033E0028E305 /* DetailView.swift */ = {isa = PBXFileReference; lastKnownFileType = sourcecode.swift; path = DetailView.swift; sourceTree = "<group>"; };
		044C525D2A1B07420028E305 /* page.swift */ = {isa = PBXFileReference; lastKnownFileType = sourcecode.swift; path = page.swift; sourceTree = "<group>"; };
		6E3972EC2A1C4B1700EC53D6 /* CarrotListView.swift */ = {isa = PBXFileReference; lastKnownFileType = sourcecode.swift; path = CarrotListView.swift; sourceTree = "<group>"; };
/* End PBXFileReference section */

/* Begin PBXFrameworksBuildPhase section */
		044C52232A170E430028E305 /* Frameworks */ = {
			isa = PBXFrameworksBuildPhase;
			buildActionMask = 2147483647;
			files = (
			);
			runOnlyForDeploymentPostprocessing = 0;
		};
		044C52332A170E470028E305 /* Frameworks */ = {
			isa = PBXFrameworksBuildPhase;
			buildActionMask = 2147483647;
			files = (
			);
			runOnlyForDeploymentPostprocessing = 0;
		};
		044C523D2A170E470028E305 /* Frameworks */ = {
			isa = PBXFrameworksBuildPhase;
			buildActionMask = 2147483647;
			files = (
			);
			runOnlyForDeploymentPostprocessing = 0;
		};
/* End PBXFrameworksBuildPhase section */

/* Begin PBXGroup section */
		044C521D2A170E430028E305 = {
			isa = PBXGroup;
			children = (
				044C52282A170E430028E305 /* FirstApp */,
				044C52392A170E470028E305 /* FirstAppTests */,
				044C52432A170E470028E305 /* FirstAppUITests */,
				044C52272A170E430028E305 /* Products */,
			);
			sourceTree = "<group>";
		};
		044C52272A170E430028E305 /* Products */ = {
			isa = PBXGroup;
			children = (
				044C52262A170E430028E305 /* FirstApp.app */,
				044C52362A170E470028E305 /* FirstAppTests.xctest */,
				044C52402A170E470028E305 /* FirstAppUITests.xctest */,
			);
			name = Products;
			sourceTree = "<group>";
		};
		044C52282A170E430028E305 /* FirstApp */ = {
			isa = PBXGroup;
			children = (
				044C52292A170E430028E305 /* FirstAppApp.swift */,
				044C522B2A170E430028E305 /* Datab.swift */,
				044C525F2A1B0BCE0028E305 /* Views */,
				044C525B2A1B033E0028E305 /* DetailView.swift */,
				044C52592A1AF5060028E305 /* carrotRow.swift */,
				6E3972EC2A1C4B1700EC53D6 /* CarrotListView.swift */,
				044C525D2A1B07420028E305 /* page.swift */,
				044C52602A1B0C2C0028E305 /* Recoures */,
				044C522D2A170E470028E305 /* Assets.xcassets */,
			);
			path = FirstApp;
			sourceTree = "<group>";
		};
		044C522F2A170E470028E305 /* Preview Content */ = {
			isa = PBXGroup;
			children = (
				044C52302A170E470028E305 /* Preview Assets.xcassets */,
			);
			path = "Preview Content";
			sourceTree = "<group>";
		};
		044C52392A170E470028E305 /* FirstAppTests */ = {
			isa = PBXGroup;
			children = (
				044C523A2A170E470028E305 /* FirstAppTests.swift */,
			);
			path = FirstAppTests;
			sourceTree = "<group>";
		};
		044C52432A170E470028E305 /* FirstAppUITests */ = {
			isa = PBXGroup;
			children = (
				044C522F2A170E470028E305 /* Preview Content */,
				044C52442A170E470028E305 /* FirstAppUITests.swift */,
				044C52462A170E470028E305 /* FirstAppUITestsLaunchTests.swift */,
			);
			path = FirstAppUITests;
			sourceTree = "<group>";
		};
		044C525F2A1B0BCE0028E305 /* Views */ = {
			isa = PBXGroup;
			children = (
			);
			path = Views;
			sourceTree = "<group>";
		};
		044C52602A1B0C2C0028E305 /* Recoures */ = {
			isa = PBXGroup;
			children = (
				044C52552A1716AE0028E305 /* dealData.json */,
			);
			path = Recoures;
			sourceTree = "<group>";
		};
/* End PBXGroup section */

/* Begin PBXNativeTarget section */
		044C52252A170E430028E305 /* FirstApp */ = {
			isa = PBXNativeTarget;
			buildConfigurationList = 044C524A2A170E470028E305 /* Build configuration list for PBXNativeTarget "FirstApp" */;
			buildPhases = (
				044C52222A170E430028E305 /* Sources */,
				044C52232A170E430028E305 /* Frameworks */,
				044C52242A170E430028E305 /* Resources */,
			);
			buildRules = (
			);
			dependencies = (
			);
			name = FirstApp;
			productName = FirstApp;
			productReference = 044C52262A170E430028E305 /* FirstApp.app */;
			productType = "com.apple.product-type.application";
		};
		044C52352A170E470028E305 /* FirstAppTests */ = {
			isa = PBXNativeTarget;
			buildConfigurationList = 044C524D2A170E470028E305 /* Build configuration list for PBXNativeTarget "FirstAppTests" */;
			buildPhases = (
				044C52322A170E470028E305 /* Sources */,
				044C52332A170E470028E305 /* Frameworks */,
				044C52342A170E470028E305 /* Resources */,
			);
			buildRules = (
			);
			dependencies = (
				044C52382A170E470028E305 /* PBXTargetDependency */,
			);
			name = FirstAppTests;
			productName = FirstAppTests;
			productReference = 044C52362A170E470028E305 /* FirstAppTests.xctest */;
			productType = "com.apple.product-type.bundle.unit-test";
		};
		044C523F2A170E470028E305 /* FirstAppUITests */ = {
			isa = PBXNativeTarget;
			buildConfigurationList = 044C52502A170E470028E305 /* Build configuration list for PBXNativeTarget "FirstAppUITests" */;
			buildPhases = (
				044C523C2A170E470028E305 /* Sources */,
				044C523D2A170E470028E305 /* Frameworks */,
				044C523E2A170E470028E305 /* Resources */,
			);
			buildRules = (
			);
			dependencies = (
				044C52422A170E470028E305 /* PBXTargetDependency */,
			);
			name = FirstAppUITests;
			productName = FirstAppUITests;
			productReference = 044C52402A170E470028E305 /* FirstAppUITests.xctest */;
			productType = "com.apple.product-type.bundle.ui-testing";
		};
/* End PBXNativeTarget section */

/* Begin PBXProject section */
		044C521E2A170E430028E305 /* Project object */ = {
			isa = PBXProject;
			attributes = {
				BuildIndependentTargetsInParallel = 1;
				LastSwiftUpdateCheck = 1430;
				LastUpgradeCheck = 1430;
				TargetAttributes = {
					044C52252A170E430028E305 = {
						CreatedOnToolsVersion = 14.3;
					};
					044C52352A170E470028E305 = {
						CreatedOnToolsVersion = 14.3;
						TestTargetID = 044C52252A170E430028E305;
					};
					044C523F2A170E470028E305 = {
						CreatedOnToolsVersion = 14.3;
						TestTargetID = 044C52252A170E430028E305;
					};
				};
			};
			buildConfigurationList = 044C52212A170E430028E305 /* Build configuration list for PBXProject "FirstApp" */;
			compatibilityVersion = "Xcode 14.0";
			developmentRegion = en;
			hasScannedForEncodings = 0;
			knownRegions = (
				en,
				Base,
			);
			mainGroup = 044C521D2A170E430028E305;
			productRefGroup = 044C52272A170E430028E305 /* Products */;
			projectDirPath = "";
			projectRoot = "";
			targets = (
				044C52252A170E430028E305 /* FirstApp */,
				044C52352A170E470028E305 /* FirstAppTests */,
				044C523F2A170E470028E305 /* FirstAppUITests */,
			);
		};
/* End PBXProject section */

/* Begin PBXResourcesBuildPhase section */
		044C52242A170E430028E305 /* Resources */ = {
			isa = PBXResourcesBuildPhase;
			buildActionMask = 2147483647;
			files = (
				044C52312A170E470028E305 /* Preview Assets.xcassets in Resources */,
				044C522E2A170E470028E305 /* Assets.xcassets in Resources */,
				044C52562A1716AE0028E305 /* dealData.json in Resources */,
			);
			runOnlyForDeploymentPostprocessing = 0;
		};
		044C52342A170E470028E305 /* Resources */ = {
			isa = PBXResourcesBuildPhase;
			buildActionMask = 2147483647;
			files = (
			);
			runOnlyForDeploymentPostprocessing = 0;
		};
		044C523E2A170E470028E305 /* Resources */ = {
			isa = PBXResourcesBuildPhase;
			buildActionMask = 2147483647;
			files = (
			);
			runOnlyForDeploymentPostprocessing = 0;
		};
/* End PBXResourcesBuildPhase section */

/* Begin PBXSourcesBuildPhase section */
		044C52222A170E430028E305 /* Sources */ = {
			isa = PBXSourcesBuildPhase;
			buildActionMask = 2147483647;
			files = (
				044C522C2A170E430028E305 /* Datab.swift in Sources */,
				044C525A2A1AF5060028E305 /* carrotRow.swift in Sources */,
				044C525C2A1B033F0028E305 /* DetailView.swift in Sources */,
				044C525E2A1B07420028E305 /* page.swift in Sources */,
				044C522A2A170E430028E305 /* FirstAppApp.swift in Sources */,
				6E3972ED2A1C4B1700EC53D6 /* CarrotListView.swift in Sources */,
			);
			runOnlyForDeploymentPostprocessing = 0;
		};
		044C52322A170E470028E305 /* Sources */ = {
			isa = PBXSourcesBuildPhase;
			buildActionMask = 2147483647;
			files = (
				044C523B2A170E470028E305 /* FirstAppTests.swift in Sources */,
			);
			runOnlyForDeploymentPostprocessing = 0;
		};
		044C523C2A170E470028E305 /* Sources */ = {
			isa = PBXSourcesBuildPhase;
			buildActionMask = 2147483647;
			files = (
				044C52472A170E470028E305 /* FirstAppUITestsLaunchTests.swift in Sources */,
				044C52452A170E470028E305 /* FirstAppUITests.swift in Sources */,
			);
			runOnlyForDeploymentPostprocessing = 0;
		};
/* End PBXSourcesBuildPhase section */

/* Begin PBXTargetDependency section */
		044C52382A170E470028E305 /* PBXTargetDependency */ = {
			isa = PBXTargetDependency;
			target = 044C52252A170E430028E305 /* FirstApp */;
			targetProxy = 044C52372A170E470028E305 /* PBXContainerItemProxy */;
		};
		044C52422A170E470028E305 /* PBXTargetDependency */ = {
			isa = PBXTargetDependency;
			target = 044C52252A170E430028E305 /* FirstApp */;
			targetProxy = 044C52412A170E470028E305 /* PBXContainerItemProxy */;
		};
/* End PBXTargetDependency section */

/* Begin XCBuildConfiguration section */
		044C52482A170E470028E305 /* Debug */ = {
			isa = XCBuildConfiguration;
			buildSettings = {
				ALWAYS_SEARCH_USER_PATHS = NO;
				CLANG_ANALYZER_NONNULL = YES;
				CLANG_ANALYZER_NUMBER_OBJECT_CONVERSION = YES_AGGRESSIVE;
				CLANG_CXX_LANGUAGE_STANDARD = "gnu++20";
				CLANG_ENABLE_MODULES = YES;
				CLANG_ENABLE_OBJC_ARC = YES;
				CLANG_ENABLE_OBJC_WEAK = YES;
				CLANG_WARN_BLOCK_CAPTURE_AUTORELEASING = YES;
				CLANG_WARN_BOOL_CONVERSION = YES;
				CLANG_WARN_COMMA = YES;
				CLANG_WARN_CONSTANT_CONVERSION = YES;
				CLANG_WARN_DEPRECATED_OBJC_IMPLEMENTATIONS = YES;
				CLANG_WARN_DIRECT_OBJC_ISA_USAGE = YES_ERROR;
				CLANG_WARN_DOCUMENTATION_COMMENTS = YES;
				CLANG_WARN_EMPTY_BODY = YES;
				CLANG_WARN_ENUM_CONVERSION = YES;
				CLANG_WARN_INFINITE_RECURSION = YES;
				CLANG_WARN_INT_CONVERSION = YES;
				CLANG_WARN_NON_LITERAL_NULL_CONVERSION = YES;
				CLANG_WARN_OBJC_IMPLICIT_RETAIN_SELF = YES;
				CLANG_WARN_OBJC_LITERAL_CONVERSION = YES;
				CLANG_WARN_OBJC_ROOT_CLASS = YES_ERROR;
				CLANG_WARN_QUOTED_INCLUDE_IN_FRAMEWORK_HEADER = YES;
				CLANG_WARN_RANGE_LOOP_ANALYSIS = YES;
				CLANG_WARN_STRICT_PROTOTYPES = YES;
				CLANG_WARN_SUSPICIOUS_MOVE = YES;
				CLANG_WARN_UNGUARDED_AVAILABILITY = YES_AGGRESSIVE;
				CLANG_WARN_UNREACHABLE_CODE = YES;
				CLANG_WARN__DUPLICATE_METHOD_MATCH = YES;
				COPY_PHASE_STRIP = NO;
				DEBUG_INFORMATION_FORMAT = dwarf;
				ENABLE_STRICT_OBJC_MSGSEND = YES;
				ENABLE_TESTABILITY = YES;
				GCC_C_LANGUAGE_STANDARD = gnu11;
				GCC_DYNAMIC_NO_PIC = NO;
				GCC_NO_COMMON_BLOCKS = YES;
				GCC_OPTIMIZATION_LEVEL = 0;
				GCC_PREPROCESSOR_DEFINITIONS = (
					"DEBUG=1",
					"$(inherited)",
				);
				GCC_WARN_64_TO_32_BIT_CONVERSION = YES;
				GCC_WARN_ABOUT_RETURN_TYPE = YES_ERROR;
				GCC_WARN_UNDECLARED_SELECTOR = YES;
				GCC_WARN_UNINITIALIZED_AUTOS = YES_AGGRESSIVE;
				GCC_WARN_UNUSED_FUNCTION = YES;
				GCC_WARN_UNUSED_VARIABLE = YES;
				IPHONEOS_DEPLOYMENT_TARGET = 16.4;
				MTL_ENABLE_DEBUG_INFO = INCLUDE_SOURCE;
				MTL_FAST_MATH = YES;
				ONLY_ACTIVE_ARCH = YES;
				SDKROOT = iphoneos;
				SWIFT_ACTIVE_COMPILATION_CONDITIONS = DEBUG;
				SWIFT_OPTIMIZATION_LEVEL = "-Onone";
			};
			name = Debug;
		};
		044C52492A170E470028E305 /* Release */ = {
			isa = XCBuildConfiguration;
			buildSettings = {
				ALWAYS_SEARCH_USER_PATHS = NO;
				CLANG_ANALYZER_NONNULL = YES;
				CLANG_ANALYZER_NUMBER_OBJECT_CONVERSION = YES_AGGRESSIVE;
				CLANG_CXX_LANGUAGE_STANDARD = "gnu++20";
				CLANG_ENABLE_MODULES = YES;
				CLANG_ENABLE_OBJC_ARC = YES;
				CLANG_ENABLE_OBJC_WEAK = YES;
				CLANG_WARN_BLOCK_CAPTURE_AUTORELEASING = YES;
				CLANG_WARN_BOOL_CONVERSION = YES;
				CLANG_WARN_COMMA = YES;
				CLANG_WARN_CONSTANT_CONVERSION = YES;
				CLANG_WARN_DEPRECATED_OBJC_IMPLEMENTATIONS = YES;
				CLANG_WARN_DIRECT_OBJC_ISA_USAGE = YES_ERROR;
				CLANG_WARN_DOCUMENTATION_COMMENTS = YES;
				CLANG_WARN_EMPTY_BODY = YES;
				CLANG_WARN_ENUM_CONVERSION = YES;
				CLANG_WARN_INFINITE_RECURSION = YES;
				CLANG_WARN_INT_CONVERSION = YES;
				CLANG_WARN_NON_LITERAL_NULL_CONVERSION = YES;
				CLANG_WARN_OBJC_IMPLICIT_RETAIN_SELF = YES;
				CLANG_WARN_OBJC_LITERAL_CONVERSION = YES;
				CLANG_WARN_OBJC_ROOT_CLASS = YES_ERROR;
				CLANG_WARN_QUOTED_INCLUDE_IN_FRAMEWORK_HEADER = YES;
				CLANG_WARN_RANGE_LOOP_ANALYSIS = YES;
				CLANG_WARN_STRICT_PROTOTYPES = YES;
				CLANG_WARN_SUSPICIOUS_MOVE = YES;
				CLANG_WARN_UNGUARDED_AVAILABILITY = YES_AGGRESSIVE;
				CLANG_WARN_UNREACHABLE_CODE = YES;
				CLANG_WARN__DUPLICATE_METHOD_MATCH = YES;
				COPY_PHASE_STRIP = NO;
				DEBUG_INFORMATION_FORMAT = "dwarf-with-dsym";
				ENABLE_NS_ASSERTIONS = NO;
				ENABLE_STRICT_OBJC_MSGSEND = YES;
				GCC_C_LANGUAGE_STANDARD = gnu11;
				GCC_NO_COMMON_BLOCKS = YES;
				GCC_WARN_64_TO_32_BIT_CONVERSION = YES;
				GCC_WARN_ABOUT_RETURN_TYPE = YES_ERROR;
				GCC_WARN_UNDECLARED_SELECTOR = YES;
				GCC_WARN_UNINITIALIZED_AUTOS = YES_AGGRESSIVE;
				GCC_WARN_UNUSED_FUNCTION = YES;
				GCC_WARN_UNUSED_VARIABLE = YES;
				IPHONEOS_DEPLOYMENT_TARGET = 16.4;
				MTL_ENABLE_DEBUG_INFO = NO;
				MTL_FAST_MATH = YES;
				SDKROOT = iphoneos;
				SWIFT_COMPILATION_MODE = wholemodule;
				SWIFT_OPTIMIZATION_LEVEL = "-O";
				VALIDATE_PRODUCT = YES;
			};
			name = Release;
		};
		044C524B2A170E470028E305 /* Debug */ = {
			isa = XCBuildConfiguration;
			buildSettings = {
				ASSETCATALOG_COMPILER_APPICON_NAME = AppIcon;
				ASSETCATALOG_COMPILER_GLOBAL_ACCENT_COLOR_NAME = AccentColor;
				CODE_SIGN_STYLE = Automatic;
				CURRENT_PROJECT_VERSION = 1;
				ENABLE_PREVIEWS = YES;
				GENERATE_INFOPLIST_FILE = YES;
				INFOPLIST_KEY_UIApplicationSceneManifest_Generation = YES;
				INFOPLIST_KEY_UIApplicationSupportsIndirectInputEvents = YES;
				INFOPLIST_KEY_UILaunchScreen_Generation = YES;
				INFOPLIST_KEY_UISupportedInterfaceOrientations_iPad = "UIInterfaceOrientationPortrait UIInterfaceOrientationPortraitUpsideDown UIInterfaceOrientationLandscapeLeft UIInterfaceOrientationLandscapeRight";
				INFOPLIST_KEY_UISupportedInterfaceOrientations_iPhone = "UIInterfaceOrientationPortrait UIInterfaceOrientationLandscapeLeft UIInterfaceOrientationLandscapeRight";
				LD_RUNPATH_SEARCH_PATHS = (
					"$(inherited)",
					"@executable_path/Frameworks",
				);
				MARKETING_VERSION = 1.0;
				PRODUCT_BUNDLE_IDENTIFIER = com.dasul.FirstApp;
				PRODUCT_NAME = "$(TARGET_NAME)";
				SWIFT_EMIT_LOC_STRINGS = YES;
				SWIFT_VERSION = 5.0;
				TARGETED_DEVICE_FAMILY = "1,2";
			};
			name = Debug;
		};
		044C524C2A170E470028E305 /* Release */ = {
			isa = XCBuildConfiguration;
			buildSettings = {
				ASSETCATALOG_COMPILER_APPICON_NAME = AppIcon;
				ASSETCATALOG_COMPILER_GLOBAL_ACCENT_COLOR_NAME = AccentColor;
				CODE_SIGN_STYLE = Automatic;
				CURRENT_PROJECT_VERSION = 1;
				ENABLE_PREVIEWS = YES;
				GENERATE_INFOPLIST_FILE = YES;
				INFOPLIST_KEY_UIApplicationSceneManifest_Generation = YES;
				INFOPLIST_KEY_UIApplicationSupportsIndirectInputEvents = YES;
				INFOPLIST_KEY_UILaunchScreen_Generation = YES;
				INFOPLIST_KEY_UISupportedInterfaceOrientations_iPad = "UIInterfaceOrientationPortrait UIInterfaceOrientationPortraitUpsideDown UIInterfaceOrientationLandscapeLeft UIInterfaceOrientationLandscapeRight";
				INFOPLIST_KEY_UISupportedInterfaceOrientations_iPhone = "UIInterfaceOrientationPortrait UIInterfaceOrientationLandscapeLeft UIInterfaceOrientationLandscapeRight";
				LD_RUNPATH_SEARCH_PATHS = (
					"$(inherited)",
					"@executable_path/Frameworks",
				);
				MARKETING_VERSION = 1.0;
				PRODUCT_BUNDLE_IDENTIFIER = com.dasul.FirstApp;
				PRODUCT_NAME = "$(TARGET_NAME)";
				SWIFT_EMIT_LOC_STRINGS = YES;
				SWIFT_VERSION = 5.0;
				TARGETED_DEVICE_FAMILY = "1,2";
			};
			name = Release;
		};
		044C524E2A170E470028E305 /* Debug */ = {
			isa = XCBuildConfiguration;
			buildSettings = {
				ALWAYS_EMBED_SWIFT_STANDARD_LIBRARIES = YES;
				BUNDLE_LOADER = "$(TEST_HOST)";
				CODE_SIGN_STYLE = Automatic;
				CURRENT_PROJECT_VERSION = 1;
				GENERATE_INFOPLIST_FILE = YES;
				IPHONEOS_DEPLOYMENT_TARGET = 16.4;
				MARKETING_VERSION = 1.0;
				PRODUCT_BUNDLE_IDENTIFIER = com.dasul.FirstAppTests;
				PRODUCT_NAME = "$(TARGET_NAME)";
				SWIFT_EMIT_LOC_STRINGS = NO;
				SWIFT_VERSION = 5.0;
				TARGETED_DEVICE_FAMILY = "1,2";
				TEST_HOST = "$(BUILT_PRODUCTS_DIR)/FirstApp.app/$(BUNDLE_EXECUTABLE_FOLDER_PATH)/FirstApp";
			};
			name = Debug;
		};
		044C524F2A170E470028E305 /* Release */ = {
			isa = XCBuildConfiguration;
			buildSettings = {
				ALWAYS_EMBED_SWIFT_STANDARD_LIBRARIES = YES;
				BUNDLE_LOADER = "$(TEST_HOST)";
				CODE_SIGN_STYLE = Automatic;
				CURRENT_PROJECT_VERSION = 1;
				GENERATE_INFOPLIST_FILE = YES;
				IPHONEOS_DEPLOYMENT_TARGET = 16.4;
				MARKETING_VERSION = 1.0;
				PRODUCT_BUNDLE_IDENTIFIER = com.dasul.FirstAppTests;
				PRODUCT_NAME = "$(TARGET_NAME)";
				SWIFT_EMIT_LOC_STRINGS = NO;
				SWIFT_VERSION = 5.0;
				TARGETED_DEVICE_FAMILY = "1,2";
				TEST_HOST = "$(BUILT_PRODUCTS_DIR)/FirstApp.app/$(BUNDLE_EXECUTABLE_FOLDER_PATH)/FirstApp";
			};
			name = Release;
		};
		044C52512A170E470028E305 /* Debug */ = {
			isa = XCBuildConfiguration;
			buildSettings = {
				ALWAYS_EMBED_SWIFT_STANDARD_LIBRARIES = YES;
				CODE_SIGN_STYLE = Automatic;
				CURRENT_PROJECT_VERSION = 1;
				GENERATE_INFOPLIST_FILE = YES;
				MARKETING_VERSION = 1.0;
				PRODUCT_BUNDLE_IDENTIFIER = com.dasul.FirstAppUITests;
				PRODUCT_NAME = "$(TARGET_NAME)";
				SWIFT_EMIT_LOC_STRINGS = NO;
				SWIFT_VERSION = 5.0;
				TARGETED_DEVICE_FAMILY = "1,2";
				TEST_TARGET_NAME = FirstApp;
			};
			name = Debug;
		};
		044C52522A170E470028E305 /* Release */ = {
			isa = XCBuildConfiguration;
			buildSettings = {
				ALWAYS_EMBED_SWIFT_STANDARD_LIBRARIES = YES;
				CODE_SIGN_STYLE = Automatic;
				CURRENT_PROJECT_VERSION = 1;
				GENERATE_INFOPLIST_FILE = YES;
				MARKETING_VERSION = 1.0;
				PRODUCT_BUNDLE_IDENTIFIER = com.dasul.FirstAppUITests;
				PRODUCT_NAME = "$(TARGET_NAME)";
				SWIFT_EMIT_LOC_STRINGS = NO;
				SWIFT_VERSION = 5.0;
				TARGETED_DEVICE_FAMILY = "1,2";
				TEST_TARGET_NAME = FirstApp;
			};
			name = Release;
		};
/* End XCBuildConfiguration section */

/* Begin XCConfigurationList section */
		044C52212A170E430028E305 /* Build configuration list for PBXProject "FirstApp" */ = {
			isa = XCConfigurationList;
			buildConfigurations = (
				044C52482A170E470028E305 /* Debug */,
				044C52492A170E470028E305 /* Release */,
			);
			defaultConfigurationIsVisible = 0;
			defaultConfigurationName = Release;
		};
		044C524A2A170E470028E305 /* Build configuration list for PBXNativeTarget "FirstApp" */ = {
			isa = XCConfigurationList;
			buildConfigurations = (
				044C524B2A170E470028E305 /* Debug */,
				044C524C2A170E470028E305 /* Release */,
			);
			defaultConfigurationIsVisible = 0;
			defaultConfigurationName = Release;
		};
		044C524D2A170E470028E305 /* Build configuration list for PBXNativeTarget "FirstAppTests" */ = {
			isa = XCConfigurationList;
			buildConfigurations = (
				044C524E2A170E470028E305 /* Debug */,
				044C524F2A170E470028E305 /* Release */,
			);
			defaultConfigurationIsVisible = 0;
			defaultConfigurationName = Release;
		};
		044C52502A170E470028E305 /* Build configuration list for PBXNativeTarget "FirstAppUITests" */ = {
			isa = XCConfigurationList;
			buildConfigurations = (
				044C52512A170E470028E305 /* Debug */,
				044C52522A170E470028E305 /* Release */,
			);
			defaultConfigurationIsVisible = 0;
			defaultConfigurationName = Release;
		};
/* End XCConfigurationList section */
	};
	rootObject = 044C521E2A170E430028E305 /* Project object */;
}
